{
  "version": 4,
  "terraform_version": "1.0.11",
  "serial": 25,
  "lineage": "9e8534b6-db85-7597-a62f-7a90c91d7897",
  "outputs": {},
  "resources": [
    {
      "mode": "data",
      "type": "digitalocean_kubernetes_versions",
      "name": "cluster",
      "provider": "provider[\"registry.terraform.io/digitalocean/digitalocean\"]",
      "instances": [
        {
          "schema_version": 0,
          "attributes": {
            "id": "terraform-20211212191534142200000001",
            "latest_version": "1.20.11-do.0",
            "valid_versions": [
              "1.20.11-do.0"
            ],
            "version_prefix": "1.20.11-do.0"
          },
          "sensitive_attributes": []
        }
      ]
    },
    {
      "mode": "data",
      "type": "digitalocean_project",
      "name": "challenge_kafka_k8s",
      "provider": "provider[\"registry.terraform.io/digitalocean/digitalocean\"]",
      "instances": [
        {
          "schema_version": 0,
          "attributes": {
            "created_at": "2021-12-12T01:26:20Z",
            "description": "Test and training kubernetes from course big data on kubernetes",
            "environment": "Development",
            "id": "40a2b3a1-e06b-4524-abfb-adc4aef6ab7e",
            "is_default": false,
            "name": "challenge_kafka_k8s",
            "owner_id": 10390058,
            "owner_uuid": "a6e42643-b9ca-4009-b300-26e326fcb8a0",
            "purpose": "Machine learning / AI / Data processing",
            "resources": [],
            "updated_at": "2021-12-12T19:01:02Z"
          },
          "sensitive_attributes": []
        }
      ]
    },
    {
      "mode": "managed",
      "type": "digitalocean_database_cluster",
      "name": "mongodb",
      "provider": "provider[\"registry.terraform.io/digitalocean/digitalocean\"]",
      "instances": [
        {
          "schema_version": 0,
          "attributes": {
            "database": "admin",
            "engine": "mongodb",
            "eviction_policy": null,
            "host": "mongo-cluster-3569c0d1.mongo.ondigitalocean.com",
            "id": "57e4f601-de81-479b-b3b3-51b37b290712",
            "maintenance_window": [],
            "name": "mongo-cluster",
            "node_count": 1,
            "password": "",
            "port": 27017,
            "private_host": "private-mongo-cluster-97b064f7.mongo.ondigitalocean.com",
            "private_network_uuid": "65b33e0d-a727-4344-9436-20dc71405b8d",
            "private_uri": "mongodb+srv://doadmin:@private-mongo-cluster-97b064f7.mongo.ondigitalocean.com/admin?tls=true\u0026authSource=admin\u0026replicaSet=mongo-cluster",
            "region": "nyc3",
            "size": "db-s-1vcpu-1gb",
            "sql_mode": null,
            "tags": [
              ""
            ],
            "uri": "mongodb+srv://doadmin:@mongo-cluster-3569c0d1.mongo.ondigitalocean.com/admin?tls=true\u0026authSource=admin\u0026replicaSet=mongo-cluster",
            "urn": "do:dbaas:57e4f601-de81-479b-b3b3-51b37b290712",
            "user": "doadmin",
            "version": "4"
          },
          "sensitive_attributes": [],
          "private": "bnVsbA=="
        }
      ]
    },
    {
      "mode": "managed",
      "type": "digitalocean_database_cluster",
      "name": "postgres",
      "provider": "provider[\"registry.terraform.io/digitalocean/digitalocean\"]",
      "instances": [
        {
          "schema_version": 0,
          "attributes": {
            "database": "defaultdb",
            "engine": "pg",
            "eviction_policy": null,
            "host": "postgres-cluster-do-user-10390058-0.b.db.ondigitalocean.com",
            "id": "c4133fb8-6adc-4b03-b75e-5d4f7cdd529c",
            "maintenance_window": [],
            "name": "postgres-cluster",
            "node_count": 1,
            "password": "vUWGmAYFgOYinzoV",
            "port": 25060,
            "private_host": "private-postgres-cluster-do-user-10390058-0.b.db.ondigitalocean.com",
            "private_network_uuid": "b0074211-2a7b-478d-a790-7fc6b9ded25e",
            "private_uri": "postgresql://doadmin:vUWGmAYFgOYinzoV@private-postgres-cluster-do-user-10390058-0.b.db.ondigitalocean.com:25060/defaultdb?sslmode=require",
            "region": "nyc1",
            "size": "db-s-1vcpu-1gb",
            "sql_mode": null,
            "tags": null,
            "uri": "postgresql://doadmin:vUWGmAYFgOYinzoV@postgres-cluster-do-user-10390058-0.b.db.ondigitalocean.com:25060/defaultdb?sslmode=require",
            "urn": "do:dbaas:c4133fb8-6adc-4b03-b75e-5d4f7cdd529c",
            "user": "doadmin",
            "version": "11"
          },
          "sensitive_attributes": [],
          "private": "bnVsbA=="
        }
      ]
    },
    {
      "mode": "managed",
      "type": "digitalocean_kubernetes_cluster",
      "name": "do-k8s",
      "provider": "provider[\"registry.terraform.io/digitalocean/digitalocean\"]",
      "instances": [
        {
          "schema_version": 2,
          "attributes": {
            "auto_upgrade": true,
            "cluster_subnet": "10.244.0.0/16",
            "created_at": "2021-12-12 19:15:36 +0000 UTC",
            "endpoint": "https://97b84ef5-a041-4cd5-b237-01f5eb744d63.k8s.ondigitalocean.com",
            "id": "97b84ef5-a041-4cd5-b237-01f5eb744d63",
            "ipv4_address": "165.227.79.25",
            "kube_config": [
              {
                "client_certificate": "",
                "client_key": "",
                "cluster_ca_certificate": "LS0tLS1CRUdJTiBDRVJUSUZJQ0FURS0tLS0tCk1JSURKekNDQWcrZ0F3SUJBZ0lDQm5Vd0RRWUpLb1pJaHZjTkFRRUxCUUF3TXpFVk1CTUdBMVVFQ2hNTVJHbG4KYVhSaGJFOWpaV0Z1TVJvd0dBWURWUVFERXhGck9ITmhZWE1nUTJ4MWMzUmxjaUJEUVRBZUZ3MHlNVEV5TVRJeApPVEUxTXpaYUZ3MDBNVEV5TVRJeE9URTFNelphTURNeEZUQVRCZ05WQkFvVERFUnBaMmwwWVd4UFkyVmhiakVhCk1CZ0dBMVVFQXhNUmF6aHpZV0Z6SUVOc2RYTjBaWElnUTBFd2dnRWlNQTBHQ1NxR1NJYjNEUUVCQVFVQUE0SUIKRHdBd2dnRUtBb0lCQVFDeE5Na0FaQm15c0ZMQ2w4K2VhbS9JWEZDNTVFTWNPeGNHa2VUcEpkOTBOQUdwc1hmTgplZEZJOFErdFlSN2pEK3RrdVkwcW1TbnJvWVlaREtoa0RsdDV0M2N6SVIzSEpIY2pLK1JFbWd1K0xhaExRVDJECmt6K1E5bzVQK2xtWk5pNHVQdjFQY1VCdXRlUTN2RCtYb2QvSithSHU2Tk1WakJra1lTUE1RMHA0U1M4Z1I3K2sKZ1g2Ry9VWXpiVzc5d0txcGF6SzRpSWw4K3BwMkROQzM5UmJ6OFlTUmpVdkRVOFE3aDNTK2E4dTRCN20veUJYVQpoRlE4bFhSZloxQnJQSDloR2NJbWl0cUUwZk1QUGZQM0JtYWNiRGtVM3hTT01zUEJUQ2VFY2U3RDBFUDVWTmRKClRLVWZVQUVwNE1zZlpOanR4eTNtNU9EUS8xQXFPcFFaeWIvQkFnTUJBQUdqUlRCRE1BNEdBMVVkRHdFQi93UUUKQXdJQmhqQVNCZ05WSFJNQkFmOEVDREFHQVFIL0FnRUFNQjBHQTFVZERnUVdCQlFtbUcvOFUxSm1PR0VxQVRnVgozTVBhMHdQZFBqQU5CZ2txaGtpRzl3MEJBUXNGQUFPQ0FRRUFrSlNTazFpc2FWbkpucmtaT1RidDkrRXFua0YzCm1zSGlhM1VnNkI2bjh1N2NpcGpNbWpibmd2dkNUaS9LZVcyMEZIcUNUbVV5N0JUV0pwSGpEUXpxZFQwZXlobEsKNXc1STA2eHNVTGEzNm13cFF4ZWdLbjFqM2hlOWp1RFNmUDZTSGpyM0dNbmJEc2x6YmUybTFXOVh4SlFvZ0t5MQpjS2pWS0JoNTZVNkl0eFdia3NyMFRwVHYxbVlXUmVEU05xcVM0c3E1K01KcE5hY3l6cC81czdpZ0t1Z3d5ZlJTCitVQ1FlSi9BVEZxQUR0eS9FaDlKbUNZVlAvVG1vRUp3NjYyOGJFTUJGVmZUdmJmSHlQTUd5c1d0akJVQ2NWQk8KUGlEM2dhVkY0MkRWTjQweW9ESTA4UitSbktVbU9vaGRBZTlNRkg2U2hTY1ZSM3dweVp3M3hsek10QT09Ci0tLS0tRU5EIENFUlRJRklDQVRFLS0tLS0K",
                "expires_at": "2021-12-19T19:21:29Z",
                "host": "https://97b84ef5-a041-4cd5-b237-01f5eb744d63.k8s.ondigitalocean.com",
                "raw_config": "apiVersion: v1\nkind: Config\nclusters:\n- cluster:\n    certificate-authority-data: LS0tLS1CRUdJTiBDRVJUSUZJQ0FURS0tLS0tCk1JSURKekNDQWcrZ0F3SUJBZ0lDQm5Vd0RRWUpLb1pJaHZjTkFRRUxCUUF3TXpFVk1CTUdBMVVFQ2hNTVJHbG4KYVhSaGJFOWpaV0Z1TVJvd0dBWURWUVFERXhGck9ITmhZWE1nUTJ4MWMzUmxjaUJEUVRBZUZ3MHlNVEV5TVRJeApPVEUxTXpaYUZ3MDBNVEV5TVRJeE9URTFNelphTURNeEZUQVRCZ05WQkFvVERFUnBaMmwwWVd4UFkyVmhiakVhCk1CZ0dBMVVFQXhNUmF6aHpZV0Z6SUVOc2RYTjBaWElnUTBFd2dnRWlNQTBHQ1NxR1NJYjNEUUVCQVFVQUE0SUIKRHdBd2dnRUtBb0lCQVFDeE5Na0FaQm15c0ZMQ2w4K2VhbS9JWEZDNTVFTWNPeGNHa2VUcEpkOTBOQUdwc1hmTgplZEZJOFErdFlSN2pEK3RrdVkwcW1TbnJvWVlaREtoa0RsdDV0M2N6SVIzSEpIY2pLK1JFbWd1K0xhaExRVDJECmt6K1E5bzVQK2xtWk5pNHVQdjFQY1VCdXRlUTN2RCtYb2QvSithSHU2Tk1WakJra1lTUE1RMHA0U1M4Z1I3K2sKZ1g2Ry9VWXpiVzc5d0txcGF6SzRpSWw4K3BwMkROQzM5UmJ6OFlTUmpVdkRVOFE3aDNTK2E4dTRCN20veUJYVQpoRlE4bFhSZloxQnJQSDloR2NJbWl0cUUwZk1QUGZQM0JtYWNiRGtVM3hTT01zUEJUQ2VFY2U3RDBFUDVWTmRKClRLVWZVQUVwNE1zZlpOanR4eTNtNU9EUS8xQXFPcFFaeWIvQkFnTUJBQUdqUlRCRE1BNEdBMVVkRHdFQi93UUUKQXdJQmhqQVNCZ05WSFJNQkFmOEVDREFHQVFIL0FnRUFNQjBHQTFVZERnUVdCQlFtbUcvOFUxSm1PR0VxQVRnVgozTVBhMHdQZFBqQU5CZ2txaGtpRzl3MEJBUXNGQUFPQ0FRRUFrSlNTazFpc2FWbkpucmtaT1RidDkrRXFua0YzCm1zSGlhM1VnNkI2bjh1N2NpcGpNbWpibmd2dkNUaS9LZVcyMEZIcUNUbVV5N0JUV0pwSGpEUXpxZFQwZXlobEsKNXc1STA2eHNVTGEzNm13cFF4ZWdLbjFqM2hlOWp1RFNmUDZTSGpyM0dNbmJEc2x6YmUybTFXOVh4SlFvZ0t5MQpjS2pWS0JoNTZVNkl0eFdia3NyMFRwVHYxbVlXUmVEU05xcVM0c3E1K01KcE5hY3l6cC81czdpZ0t1Z3d5ZlJTCitVQ1FlSi9BVEZxQUR0eS9FaDlKbUNZVlAvVG1vRUp3NjYyOGJFTUJGVmZUdmJmSHlQTUd5c1d0akJVQ2NWQk8KUGlEM2dhVkY0MkRWTjQweW9ESTA4UitSbktVbU9vaGRBZTlNRkg2U2hTY1ZSM3dweVp3M3hsek10QT09Ci0tLS0tRU5EIENFUlRJRklDQVRFLS0tLS0K\n    server: https://97b84ef5-a041-4cd5-b237-01f5eb744d63.k8s.ondigitalocean.com\n  name: do-nyc3-k8s-kafka-challenge-test\ncontexts:\n- context:\n    cluster: do-nyc3-k8s-kafka-challenge-test\n    user: do-nyc3-k8s-kafka-challenge-test-admin\n  name: do-nyc3-k8s-kafka-challenge-test\ncurrent-context: do-nyc3-k8s-kafka-challenge-test\nusers:\n- name: do-nyc3-k8s-kafka-challenge-test-admin\n  user:\n    token: 3c5e08da027cfe23fb18a5ca17920160c73b22c0ed1b12f4bdd7f75ec343732f\n",
                "token": "3c5e08da027cfe23fb18a5ca17920160c73b22c0ed1b12f4bdd7f75ec343732f"
              }
            ],
            "name": "k8s-kafka-challenge-test",
            "node_pool": [
              {
                "actual_node_count": 6,
                "auto_scale": false,
                "id": "e87e9e38-edaf-4963-b21c-ae88d5b7774b",
                "labels": null,
                "max_nodes": 0,
                "min_nodes": 0,
                "name": "challenge",
                "node_count": 6,
                "nodes": [
                  {
                    "created_at": "2021-12-12 19:15:36 +0000 UTC",
                    "droplet_id": "277585568",
                    "id": "de29de9b-658b-44d1-8f0e-09454471dc64",
                    "name": "challenge-ugaig",
                    "status": "running",
                    "updated_at": "2021-12-12 19:18:39 +0000 UTC"
                  },
                  {
                    "created_at": "2021-12-12 19:15:36 +0000 UTC",
                    "droplet_id": "277585567",
                    "id": "379cf645-bcae-4310-899c-5b1f83fa306d",
                    "name": "challenge-ugaie",
                    "status": "running",
                    "updated_at": "2021-12-12 19:18:01 +0000 UTC"
                  },
                  {
                    "created_at": "2021-12-12 19:15:36 +0000 UTC",
                    "droplet_id": "277585566",
                    "id": "f2229db4-3798-400c-b22a-286f6f8fe53b",
                    "name": "challenge-ugaia",
                    "status": "running",
                    "updated_at": "2021-12-12 19:18:01 +0000 UTC"
                  },
                  {
                    "created_at": "2021-12-12 19:15:36 +0000 UTC",
                    "droplet_id": "277585570",
                    "id": "963b009d-add2-41d7-a330-d2d879dca38b",
                    "name": "challenge-ugai6",
                    "status": "running",
                    "updated_at": "2021-12-12 19:18:01 +0000 UTC"
                  },
                  {
                    "created_at": "2021-12-12 19:15:36 +0000 UTC",
                    "droplet_id": "277585565",
                    "id": "051b0ac0-6346-4938-9a79-8becc86860ee",
                    "name": "challenge-ugait",
                    "status": "running",
                    "updated_at": "2021-12-12 19:18:01 +0000 UTC"
                  },
                  {
                    "created_at": "2021-12-12 19:15:36 +0000 UTC",
                    "droplet_id": "277585569",
                    "id": "83aa1b89-9363-4cf4-88df-8bf01ff93147",
                    "name": "challenge-ugail",
                    "status": "running",
                    "updated_at": "2021-12-12 19:18:01 +0000 UTC"
                  }
                ],
                "size": "s-2vcpu-4gb",
                "tags": null
              }
            ],
            "region": "nyc3",
            "service_subnet": "10.245.0.0/16",
            "status": "running",
            "surge_upgrade": false,
            "tags": null,
            "updated_at": "2021-12-12 19:21:19 +0000 UTC",
            "version": "1.20.11-do.0",
            "vpc_uuid": "65b33e0d-a727-4344-9436-20dc71405b8d"
          },
          "sensitive_attributes": [],
          "private": "eyJzY2hlbWFfdmVyc2lvbiI6IjIifQ==",
          "dependencies": [
            "data.digitalocean_kubernetes_versions.cluster"
          ]
        }
      ]
    }
  ]
}
